
Microsoft Visual Studio Solution File, Format Version 12.00
# Visual Studio Version 17
VisualStudioVersion = 17.0.31919.166
MinimumVisualStudioVersion = 10.0.40219.1
Project("{9A19103F-16F7-4668-BE54-9A1E7A4F7556}") = "Tests", "Tests\Tests.csproj", "{64D6AF57-256F-4226-944D-D0064845B05B}"
EndProject
Project("{9A19103F-16F7-4668-BE54-9A1E7A4F7556}") = "Domain", "Domain\Domain.csproj", "{0B817717-09A0-49B4-8443-3C9AE8F369E6}"
EndProject
Project("{9A19103F-16F7-4668-BE54-9A1E7A4F7556}") = "ClientWindowsForms", "ClientWindowsForms\ClientWindowsForms.csproj", "{24B73802-6AC8-4433-B4DD-A82AAC81A262}"
EndProject
Project("{9A19103F-16F7-4668-BE54-9A1E7A4F7556}") = "ServerWindowsForms", "ServerWindowsForms\ServerWindowsForms.csproj", "{4FDCA674-68D9-4790-B798-D6A1C84AEF1D}"
EndProject
Global
	GlobalSection(SolutionConfigurationPlatforms) = preSolution
		Debug|Any CPU = Debug|Any CPU
		Release|Any CPU = Release|Any CPU
	EndGlobalSection
	GlobalSection(ProjectConfigurationPlatforms) = postSolution
		{64D6AF57-256F-4226-944D-D0064845B05B}.Debug|Any CPU.ActiveCfg = Debug|Any CPU
		{64D6AF57-256F-4226-944D-D0064845B05B}.Debug|Any CPU.Build.0 = Debug|Any CPU
		{64D6AF57-256F-4226-944D-D0064845B05B}.Release|Any CPU.ActiveCfg = Release|Any CPU
		{64D6AF57-256F-4226-944D-D0064845B05B}.Release|Any CPU.Build.0 = Release|Any CPU
		{0B817717-09A0-49B4-8443-3C9AE8F369E6}.Debug|Any CPU.ActiveCfg = Debug|Any CPU
		{0B817717-09A0-49B4-8443-3C9AE8F369E6}.Debug|Any CPU.Build.0 = Debug|Any CPU
		{0B817717-09A0-49B4-8443-3C9AE8F369E6}.Release|Any CPU.ActiveCfg = Release|Any CPU
		{0B817717-09A0-49B4-8443-3C9AE8F369E6}.Release|Any CPU.Build.0 = Release|Any CPU
		{24B73802-6AC8-4433-B4DD-A82AAC81A262}.Debug|Any CPU.ActiveCfg = Debug|Any CPU
		{24B73802-6AC8-4433-B4DD-A82AAC81A262}.Debug|Any CPU.Build.0 = Debug|Any CPU
		{24B73802-6AC8-4433-B4DD-A82AAC81A262}.Release|Any CPU.ActiveCfg = Release|Any CPU
		{24B73802-6AC8-4433-B4DD-A82AAC81A262}.Release|Any CPU.Build.0 = Release|Any CPU
		{4FDCA674-68D9-4790-B798-D6A1C84AEF1D}.Debug|Any CPU.ActiveCfg = Debug|Any CPU
		{4FDCA674-68D9-4790-B798-D6A1C84AEF1D}.Debug|Any CPU.Build.0 = Debug|Any CPU
		{4FDCA674-68D9-4790-B798-D6A1C84AEF1D}.Release|Any CPU.ActiveCfg = Release|Any CPU
		{4FDCA674-68D9-4790-B798-D6A1C84AEF1D}.Release|Any CPU.Build.0 = Release|Any CPU
	EndGlobalSection
	GlobalSection(SolutionProperties) = preSolution
		HideSolutionNode = FALSE
	EndGlobalSection
	GlobalSection(ExtensibilityGlobals) = postSolution
		SolutionGuid = {99DFA26B-0207-4274-A590-AADC1CD9BF3F}
	EndGlobalSection
EndGlobal
